
Microsoft Visual Studio Solution File, Format Version 12.00
# Visual Studio 2013
VisualStudioVersion = 12.0.21005.1
MinimumVisualStudioVersion = 10.0.40219.1
Project("{FAE04EC0-301F-11D3-BF4B-00C04F79EFBC}") = "ModelGroup", "ModelGroup\ModelGroup.csproj", "{8940131B-3BBE-4520-A36A-D5F21DF38CCE}"
EndProject
Project("{FAE04EC0-301F-11D3-BF4B-00C04F79EFBC}") = "ModelGroupTest", "ModelGroupTest\ModelGroupTest.csproj", "{7F93C828-9C97-4CAF-B94A-3C5650EB0B23}"
EndProject
Project("{FAE04EC0-301F-11D3-BF4B-00C04F79EFBC}") = "Newtonsoft.Json.Net40", "Newtonsoft.Json\Newtonsoft.Json.Net40.csproj", "{A9AE40FF-1A21-414A-9FE7-3BE13644CC6D}"
EndProject
Global
	GlobalSection(SolutionConfigurationPlatforms) = preSolution
		Debug|Any CPU = Debug|Any CPU
		Release|Any CPU = Release|Any CPU
	EndGlobalSection
	GlobalSection(ProjectConfigurationPlatforms) = postSolution
		{8940131B-3BBE-4520-A36A-D5F21DF38CCE}.Debug|Any CPU.ActiveCfg = Debug|Any CPU
		{8940131B-3BBE-4520-A36A-D5F21DF38CCE}.Debug|Any CPU.Build.0 = Debug|Any CPU
		{8940131B-3BBE-4520-A36A-D5F21DF38CCE}.Release|Any CPU.ActiveCfg = Release|Any CPU
		{8940131B-3BBE-4520-A36A-D5F21DF38CCE}.Release|Any CPU.Build.0 = Release|Any CPU
		{7F93C828-9C97-4CAF-B94A-3C5650EB0B23}.Debug|Any CPU.ActiveCfg = Debug|Any CPU
		{7F93C828-9C97-4CAF-B94A-3C5650EB0B23}.Debug|Any CPU.Build.0 = Debug|Any CPU
		{7F93C828-9C97-4CAF-B94A-3C5650EB0B23}.Release|Any CPU.ActiveCfg = Release|Any CPU
		{7F93C828-9C97-4CAF-B94A-3C5650EB0B23}.Release|Any CPU.Build.0 = Release|Any CPU
		{A9AE40FF-1A21-414A-9FE7-3BE13644CC6D}.Debug|Any CPU.ActiveCfg = Debug|Any CPU
		{A9AE40FF-1A21-414A-9FE7-3BE13644CC6D}.Debug|Any CPU.Build.0 = Debug|Any CPU
		{A9AE40FF-1A21-414A-9FE7-3BE13644CC6D}.Release|Any CPU.ActiveCfg = Release|Any CPU
		{A9AE40FF-1A21-414A-9FE7-3BE13644CC6D}.Release|Any CPU.Build.0 = Release|Any CPU
	EndGlobalSection
	GlobalSection(SolutionProperties) = preSolution
		HideSolutionNode = FALSE
	EndGlobalSection
EndGlobal
